
Microsoft Visual Studio Solution File, Format Version 12.00
# Visual Studio Version 17
VisualStudioVersion = 17.2.32505.173
MinimumVisualStudioVersion = 10.0.40219.1
Project("{FAE04EC0-301F-11D3-BF4B-00C04F79EFBC}") = "Dictionary method", "Dictionary method\Dictionary method.csproj", "{54DEF076-8300-4FB4-9B6C-6693FBB49018}"
EndProject
Global
	GlobalSection(SolutionConfigurationPlatforms) = preSolution
		Debug|Any CPU = Debug|Any CPU
		Release|Any CPU = Release|Any CPU
	EndGlobalSection
	GlobalSection(ProjectConfigurationPlatforms) = postSolution
		{54DEF076-8300-4FB4-9B6C-6693FBB49018}.Debug|Any CPU.ActiveCfg = Debug|Any CPU
		{54DEF076-8300-4FB4-9B6C-6693FBB49018}.Debug|Any CPU.Build.0 = Debug|Any CPU
		{54DEF076-8300-4FB4-9B6C-6693FBB49018}.Release|Any CPU.ActiveCfg = Release|Any CPU
		{54DEF076-8300-4FB4-9B6C-6693FBB49018}.Release|Any CPU.Build.0 = Release|Any CPU
	EndGlobalSection
	GlobalSection(SolutionProperties) = preSolution
		HideSolutionNode = FALSE
	EndGlobalSection
	GlobalSection(ExtensibilityGlobals) = postSolution
		SolutionGuid = {BF158F77-F7AF-49EE-94A2-9B1E0D0A5B5B}
	EndGlobalSection
EndGlobal
